
Microsoft Visual Studio Solution File, Format Version 12.00
# Visual Studio Version 17
VisualStudioVersion = 17.7.34031.279
MinimumVisualStudioVersion = 10.0.40219.1
Project("{FAE04EC0-301F-11D3-BF4B-00C04F79EFBC}") = "uygulama", "uygulama\uygulama.csproj", "{23E7A48C-AB29-4A7D-83A8-7FBA8E6F4D8B}"
EndProject
Global
	GlobalSection(SolutionConfigurationPlatforms) = preSolution
		Debug|Any CPU = Debug|Any CPU
		Release|Any CPU = Release|Any CPU
	EndGlobalSection
	GlobalSection(ProjectConfigurationPlatforms) = postSolution
		{23E7A48C-AB29-4A7D-83A8-7FBA8E6F4D8B}.Debug|Any CPU.ActiveCfg = Debug|Any CPU
		{23E7A48C-AB29-4A7D-83A8-7FBA8E6F4D8B}.Debug|Any CPU.Build.0 = Debug|Any CPU
		{23E7A48C-AB29-4A7D-83A8-7FBA8E6F4D8B}.Release|Any CPU.ActiveCfg = Release|Any CPU
		{23E7A48C-AB29-4A7D-83A8-7FBA8E6F4D8B}.Release|Any CPU.Build.0 = Release|Any CPU
	EndGlobalSection
	GlobalSection(SolutionProperties) = preSolution
		HideSolutionNode = FALSE
	EndGlobalSection
	GlobalSection(ExtensibilityGlobals) = postSolution
		SolutionGuid = {7203C008-6FF7-4189-AD36-CFBE83C706CB}
	EndGlobalSection
EndGlobal
